Microsoft Visual Studio Solution File, Format Version 12.00
# Visual Studio Version 17
VisualStudioVersion = 17.5.2.0
MinimumVisualStudioVersion = 10.0.40219.1
Project("{FAE04EC0-301F-11D3-BF4B-00C04F79EFBC}") = "TjelesniOdgojApp", "TjelesniOdgojApp\TjelesniOdgojApp.csproj", "{2AA3735E-D71F-74D1-1DF3-4D850117DE9A}"
EndProject
Global
	GlobalSection(SolutionConfigurationPlatforms) = preSolution
		Debug|Any CPU = Debug|Any CPU
		Release|Any CPU = Release|Any CPU
	EndGlobalSection
	GlobalSection(ProjectConfigurationPlatforms) = postSolution
		{2AA3735E-D71F-74D1-1DF3-4D850117DE9A}.Debug|Any CPU.ActiveCfg = Debug|Any CPU
		{2AA3735E-D71F-74D1-1DF3-4D850117DE9A}.Debug|Any CPU.Build.0 = Debug|Any CPU
		{2AA3735E-D71F-74D1-1DF3-4D850117DE9A}.Release|Any CPU.ActiveCfg = Release|Any CPU
		{2AA3735E-D71F-74D1-1DF3-4D850117DE9A}.Release|Any CPU.Build.0 = Release|Any CPU
	EndGlobalSection
	GlobalSection(SolutionProperties) = preSolution
		HideSolutionNode = FALSE
	EndGlobalSection
	GlobalSection(ExtensibilityGlobals) = postSolution
		SolutionGuid = {E16EB169-D1D0-4B5C-B108-F6F6ACA41CEA}
	EndGlobalSection
EndGlobal
